# This file is autogenerated, do not edit; changes may be undone by the next 'dep ensure'.


[[projects]]
  name = "github.com/amenzhinsky/consul-slack"
  packages = ["slack"]
  revision = "d0e18c1f9538a82c1b2c9ee56f32a6c141cf53f8"
  version = "v1.0.0"

[[projects]]
  name = "github.com/coreos/go-systemd"
  packages = ["dbus"]
  revision = "d2196463941895ee908e13531a23a39feb9e1243"
  version = "v15"

[[projects]]
  name = "github.com/godbus/dbus"
  packages = ["."]
  revision = "5f6efc7ef2759c81b7ba876593971bfce311eab3"
  version = "v4.0.0"

[solve-meta]
  analyzer-name = "dep"
  analyzer-version = 1
  inputs-digest = "f70518ea938e6a1fe8d274f0d4b0a3c7b563f553ec297f1be195c114cb9b5267"
  solver-name = "gps-cdcl"
  solver-version = 1
